
Microsoft Visual Studio Solution File, Format Version 12.00
# Visual Studio 14
VisualStudioVersion = 14.0.25420.1
MinimumVisualStudioVersion = 10.0.40219.1
Project("{FAE04EC0-301F-11D3-BF4B-00C04F79EFBC}") = "DataVisualization", "DataVisualization\DataVisualization.csproj", "{229C8DC9-225E-4D46-B0E7-A31CB273EBAC}"
EndProject
Project("{FAE04EC0-301F-11D3-BF4B-00C04F79EFBC}") = "DataVisualization.Web", "DataVisualization.Web\DataVisualization.Web.csproj", "{51A90AC0-1D1E-4214-AD50-26B3BC3AF07D}"
EndProject
Global
	GlobalSection(SolutionConfigurationPlatforms) = preSolution
		Debug|Any CPU = Debug|Any CPU
		Release|Any CPU = Release|Any CPU
	EndGlobalSection
	GlobalSection(ProjectConfigurationPlatforms) = postSolution
		{229C8DC9-225E-4D46-B0E7-A31CB273EBAC}.Debug|Any CPU.ActiveCfg = Debug|Any CPU
		{229C8DC9-225E-4D46-B0E7-A31CB273EBAC}.Debug|Any CPU.Build.0 = Debug|Any CPU
		{229C8DC9-225E-4D46-B0E7-A31CB273EBAC}.Release|Any CPU.ActiveCfg = Release|Any CPU
		{229C8DC9-225E-4D46-B0E7-A31CB273EBAC}.Release|Any CPU.Build.0 = Release|Any CPU
		{51A90AC0-1D1E-4214-AD50-26B3BC3AF07D}.Debug|Any CPU.ActiveCfg = Debug|Any CPU
		{51A90AC0-1D1E-4214-AD50-26B3BC3AF07D}.Debug|Any CPU.Build.0 = Debug|Any CPU
		{51A90AC0-1D1E-4214-AD50-26B3BC3AF07D}.Release|Any CPU.ActiveCfg = Release|Any CPU
		{51A90AC0-1D1E-4214-AD50-26B3BC3AF07D}.Release|Any CPU.Build.0 = Release|Any CPU
	EndGlobalSection
	GlobalSection(SolutionProperties) = preSolution
		HideSolutionNode = FALSE
	EndGlobalSection
EndGlobal
